
Microsoft Visual Studio Solution File, Format Version 12.00
# Visual Studio 15
VisualStudioVersion = 15.0.27130.2024
MinimumVisualStudioVersion = 10.0.40219.1
Project("{FAE04EC0-301F-11D3-BF4B-00C04F79EFBC}") = "DealnetPortal.Web", "DealnetPortal.Web\DealnetPortal.Web.csproj", "{6144C1AA-F7C1-4FA0-A8F8-CF3304476F66}"
EndProject
Project("{FAE04EC0-301F-11D3-BF4B-00C04F79EFBC}") = "DealnetPortal.Web.UnitTests", "DealnetPortal.Web.UnitTests\DealnetPortal.Web.UnitTests.csproj", "{E1259980-92D8-496B-A434-9A8E093A5BAE}"
EndProject
Project("{FAE04EC0-301F-11D3-BF4B-00C04F79EFBC}") = "DealnetPortal.Web.ServiceAgent", "DealnetPortal.Web.ServiceAgent\DealnetPortal.Web.ServiceAgent.csproj", "{9D034D24-D090-4FFD-9F50-7FF073568343}"
EndProject
Project("{FAE04EC0-301F-11D3-BF4B-00C04F79EFBC}") = "DealnetPortal.Web.Common", "DealnetPortal.Web.Common\DealnetPortal.Web.Common.csproj", "{7B096FBB-C366-4560-8C78-38D3FB2DBDF4}"
EndProject
Project("{2150E333-8FDC-42A3-9474-1A3956D46DE8}") = "Tests", "Tests", "{6ECA6353-C4E4-4F57-8DD9-C47E8E2A1313}"
EndProject
Project("{FAE04EC0-301F-11D3-BF4B-00C04F79EFBC}") = "DealnetPortal.Web.IntegrationTests", "DealnetPortal.Web.IntegrationTests\DealnetPortal.Web.IntegrationTests.csproj", "{765F5301-2074-47B2-90CA-BEF60C9A7982}"
EndProject
Project("{FAE04EC0-301F-11D3-BF4B-00C04F79EFBC}") = "DealnetPortal.Web.Models", "DealnetPortal.Web.Models\DealnetPortal.Web.Models.csproj", "{FFFF5E83-BEFA-4703-994E-E94F42D0FCA9}"
EndProject
Project("{FAE04EC0-301F-11D3-BF4B-00C04F79EFBC}") = "DealnetPortal.Web.Resources", "DealnetPortal.Web.Resources\DealnetPortal.Web.Resources.csproj", "{E996DF6C-67CD-4178-A6AD-3DF9C1583677}"
EndProject
Global
	GlobalSection(SolutionConfigurationPlatforms) = preSolution
		AWSProdApplication|Any CPU = AWSProdApplication|Any CPU
		AWSProdEcohome|Any CPU = AWSProdEcohome|Any CPU
		AWSProdMortgageBrokers|Any CPU = AWSProdMortgageBrokers|Any CPU
		AWSTestProdApplication|Any CPU = AWSTestProdApplication|Any CPU
		AWSTestProdEcohome|Any CPU = AWSTestProdEcohome|Any CPU
		AWSTestProdMortgageBrokers|Any CPU = AWSTestProdMortgageBrokers|Any CPU
		Debug|Any CPU = Debug|Any CPU
		ProductionApplication|Any CPU = ProductionApplication|Any CPU
		ProductionEcohome|Any CPU = ProductionEcohome|Any CPU
		ProductionMortgageBrokers|Any CPU = ProductionMortgageBrokers|Any CPU
		ProductionRealtor|Any CPU = ProductionRealtor|Any CPU
		Release|Any CPU = Release|Any CPU
		Staging|Any CPU = Staging|Any CPU
		Training|Any CPU = Training|Any CPU
		TrainingClarity|Any CPU = TrainingClarity|Any CPU
		UnitTesting|Any CPU = UnitTesting|Any CPU
	EndGlobalSection
	GlobalSection(ProjectConfigurationPlatforms) = postSolution
		{6144C1AA-F7C1-4FA0-A8F8-CF3304476F66}.AWSProdApplication|Any CPU.ActiveCfg = AWSProdApplication|Any CPU
		{6144C1AA-F7C1-4FA0-A8F8-CF3304476F66}.AWSProdApplication|Any CPU.Build.0 = AWSProdApplication|Any CPU
		{6144C1AA-F7C1-4FA0-A8F8-CF3304476F66}.AWSProdEcohome|Any CPU.ActiveCfg = AWSProdEcohome|Any CPU
		{6144C1AA-F7C1-4FA0-A8F8-CF3304476F66}.AWSProdEcohome|Any CPU.Build.0 = AWSProdEcohome|Any CPU
		{6144C1AA-F7C1-4FA0-A8F8-CF3304476F66}.AWSProdMortgageBrokers|Any CPU.ActiveCfg = AWSProdMortgageBrokers|Any CPU
		{6144C1AA-F7C1-4FA0-A8F8-CF3304476F66}.AWSProdMortgageBrokers|Any CPU.Build.0 = AWSProdMortgageBrokers|Any CPU
		{6144C1AA-F7C1-4FA0-A8F8-CF3304476F66}.AWSTestProdApplication|Any CPU.ActiveCfg = AWSTestProdApplication|Any CPU
		{6144C1AA-F7C1-4FA0-A8F8-CF3304476F66}.AWSTestProdApplication|Any CPU.Build.0 = AWSTestProdApplication|Any CPU
		{6144C1AA-F7C1-4FA0-A8F8-CF3304476F66}.AWSTestProdEcohome|Any CPU.ActiveCfg = AWSTestProdEcohome|Any CPU
		{6144C1AA-F7C1-4FA0-A8F8-CF3304476F66}.AWSTestProdEcohome|Any CPU.Build.0 = AWSTestProdEcohome|Any CPU
		{6144C1AA-F7C1-4FA0-A8F8-CF3304476F66}.AWSTestProdMortgageBrokers|Any CPU.ActiveCfg = AWSTestProdMortgageBrokers|Any CPU
		{6144C1AA-F7C1-4FA0-A8F8-CF3304476F66}.AWSTestProdMortgageBrokers|Any CPU.Build.0 = AWSTestProdMortgageBrokers|Any CPU
		{6144C1AA-F7C1-4FA0-A8F8-CF3304476F66}.Debug|Any CPU.ActiveCfg = Debug|Any CPU
		{6144C1AA-F7C1-4FA0-A8F8-CF3304476F66}.Debug|Any CPU.Build.0 = Debug|Any CPU
		{6144C1AA-F7C1-4FA0-A8F8-CF3304476F66}.ProductionApplication|Any CPU.ActiveCfg = ProductionApplication|Any CPU
		{6144C1AA-F7C1-4FA0-A8F8-CF3304476F66}.ProductionApplication|Any CPU.Build.0 = ProductionApplication|Any CPU
		{6144C1AA-F7C1-4FA0-A8F8-CF3304476F66}.ProductionEcohome|Any CPU.ActiveCfg = ProductionEcohome|Any CPU
		{6144C1AA-F7C1-4FA0-A8F8-CF3304476F66}.ProductionEcohome|Any CPU.Build.0 = ProductionEcohome|Any CPU
		{6144C1AA-F7C1-4FA0-A8F8-CF3304476F66}.ProductionMortgageBrokers|Any CPU.ActiveCfg = ProductionMortgageBrokers|Any CPU
		{6144C1AA-F7C1-4FA0-A8F8-CF3304476F66}.ProductionMortgageBrokers|Any CPU.Build.0 = ProductionMortgageBrokers|Any CPU
		{6144C1AA-F7C1-4FA0-A8F8-CF3304476F66}.ProductionRealtor|Any CPU.ActiveCfg = ProductionRealtor|Any CPU
		{6144C1AA-F7C1-4FA0-A8F8-CF3304476F66}.ProductionRealtor|Any CPU.Build.0 = ProductionRealtor|Any CPU
		{6144C1AA-F7C1-4FA0-A8F8-CF3304476F66}.Release|Any CPU.ActiveCfg = Release|Any CPU
		{6144C1AA-F7C1-4FA0-A8F8-CF3304476F66}.Release|Any CPU.Build.0 = Release|Any CPU
		{6144C1AA-F7C1-4FA0-A8F8-CF3304476F66}.Staging|Any CPU.ActiveCfg = Staging|Any CPU
		{6144C1AA-F7C1-4FA0-A8F8-CF3304476F66}.Staging|Any CPU.Build.0 = Staging|Any CPU
		{6144C1AA-F7C1-4FA0-A8F8-CF3304476F66}.Training|Any CPU.ActiveCfg = Training|Any CPU
		{6144C1AA-F7C1-4FA0-A8F8-CF3304476F66}.Training|Any CPU.Build.0 = Training|Any CPU
		{6144C1AA-F7C1-4FA0-A8F8-CF3304476F66}.TrainingClarity|Any CPU.ActiveCfg = TrainingClarity|Any CPU
		{6144C1AA-F7C1-4FA0-A8F8-CF3304476F66}.TrainingClarity|Any CPU.Build.0 = TrainingClarity|Any CPU
		{6144C1AA-F7C1-4FA0-A8F8-CF3304476F66}.UnitTesting|Any CPU.ActiveCfg = UnitTesting|Any CPU
		{6144C1AA-F7C1-4FA0-A8F8-CF3304476F66}.UnitTesting|Any CPU.Build.0 = UnitTesting|Any CPU
		{E1259980-92D8-496B-A434-9A8E093A5BAE}.AWSProdApplication|Any CPU.ActiveCfg = AWSProdApplication|Any CPU
		{E1259980-92D8-496B-A434-9A8E093A5BAE}.AWSProdApplication|Any CPU.Build.0 = AWSProdApplication|Any CPU
		{E1259980-92D8-496B-A434-9A8E093A5BAE}.AWSProdEcohome|Any CPU.ActiveCfg = AWSProdEcohome|Any CPU
		{E1259980-92D8-496B-A434-9A8E093A5BAE}.AWSProdEcohome|Any CPU.Build.0 = AWSProdEcohome|Any CPU
		{E1259980-92D8-496B-A434-9A8E093A5BAE}.AWSProdMortgageBrokers|Any CPU.ActiveCfg = AWSProdMortgageBrokers|Any CPU
		{E1259980-92D8-496B-A434-9A8E093A5BAE}.AWSProdMortgageBrokers|Any CPU.Build.0 = AWSProdMortgageBrokers|Any CPU
		{E1259980-92D8-496B-A434-9A8E093A5BAE}.AWSTestProdApplication|Any CPU.ActiveCfg = AWSTestProdApplication|Any CPU
		{E1259980-92D8-496B-A434-9A8E093A5BAE}.AWSTestProdApplication|Any CPU.Build.0 = AWSTestProdApplication|Any CPU
		{E1259980-92D8-496B-A434-9A8E093A5BAE}.AWSTestProdEcohome|Any CPU.ActiveCfg = AWSTestProdEcohome|Any CPU
		{E1259980-92D8-496B-A434-9A8E093A5BAE}.AWSTestProdEcohome|Any CPU.Build.0 = AWSTestProdEcohome|Any CPU
		{E1259980-92D8-496B-A434-9A8E093A5BAE}.AWSTestProdMortgageBrokers|Any CPU.ActiveCfg = AWSTestProdMortgageBrokers|Any CPU
		{E1259980-92D8-496B-A434-9A8E093A5BAE}.AWSTestProdMortgageBrokers|Any CPU.Build.0 = AWSTestProdMortgageBrokers|Any CPU
		{E1259980-92D8-496B-A434-9A8E093A5BAE}.Debug|Any CPU.ActiveCfg = Debug|Any CPU
		{E1259980-92D8-496B-A434-9A8E093A5BAE}.Debug|Any CPU.Build.0 = Debug|Any CPU
		{E1259980-92D8-496B-A434-9A8E093A5BAE}.ProductionApplication|Any CPU.ActiveCfg = ProductionApplication|Any CPU
		{E1259980-92D8-496B-A434-9A8E093A5BAE}.ProductionApplication|Any CPU.Build.0 = ProductionApplication|Any CPU
		{E1259980-92D8-496B-A434-9A8E093A5BAE}.ProductionEcohome|Any CPU.ActiveCfg = ProductionEcohome|Any CPU
		{E1259980-92D8-496B-A434-9A8E093A5BAE}.ProductionEcohome|Any CPU.Build.0 = ProductionEcohome|Any CPU
		{E1259980-92D8-496B-A434-9A8E093A5BAE}.ProductionMortgageBrokers|Any CPU.ActiveCfg = ProductionMortgageBrokers|Any CPU
		{E1259980-92D8-496B-A434-9A8E093A5BAE}.ProductionMortgageBrokers|Any CPU.Build.0 = ProductionMortgageBrokers|Any CPU
		{E1259980-92D8-496B-A434-9A8E093A5BAE}.ProductionRealtor|Any CPU.ActiveCfg = ProductionRealtor|Any CPU
		{E1259980-92D8-496B-A434-9A8E093A5BAE}.ProductionRealtor|Any CPU.Build.0 = ProductionRealtor|Any CPU
		{E1259980-92D8-496B-A434-9A8E093A5BAE}.Release|Any CPU.ActiveCfg = Release|Any CPU
		{E1259980-92D8-496B-A434-9A8E093A5BAE}.Release|Any CPU.Build.0 = Release|Any CPU
		{E1259980-92D8-496B-A434-9A8E093A5BAE}.Staging|Any CPU.ActiveCfg = Staging|Any CPU
		{E1259980-92D8-496B-A434-9A8E093A5BAE}.Staging|Any CPU.Build.0 = Staging|Any CPU
		{E1259980-92D8-496B-A434-9A8E093A5BAE}.Training|Any CPU.ActiveCfg = Training|Any CPU
		{E1259980-92D8-496B-A434-9A8E093A5BAE}.Training|Any CPU.Build.0 = Training|Any CPU
		{E1259980-92D8-496B-A434-9A8E093A5BAE}.TrainingClarity|Any CPU.ActiveCfg = TrainingClarity|Any CPU
		{E1259980-92D8-496B-A434-9A8E093A5BAE}.TrainingClarity|Any CPU.Build.0 = TrainingClarity|Any CPU
		{E1259980-92D8-496B-A434-9A8E093A5BAE}.UnitTesting|Any CPU.ActiveCfg = UnitTesting|Any CPU
		{E1259980-92D8-496B-A434-9A8E093A5BAE}.UnitTesting|Any CPU.Build.0 = UnitTesting|Any CPU
		{9D034D24-D090-4FFD-9F50-7FF073568343}.AWSProdApplication|Any CPU.ActiveCfg = AWSProdApplication|Any CPU
		{9D034D24-D090-4FFD-9F50-7FF073568343}.AWSProdApplication|Any CPU.Build.0 = AWSProdApplication|Any CPU
		{9D034D24-D090-4FFD-9F50-7FF073568343}.AWSProdEcohome|Any CPU.ActiveCfg = AWSProdEcohome|Any CPU
		{9D034D24-D090-4FFD-9F50-7FF073568343}.AWSProdEcohome|Any CPU.Build.0 = AWSProdEcohome|Any CPU
		{9D034D24-D090-4FFD-9F50-7FF073568343}.AWSProdMortgageBrokers|Any CPU.ActiveCfg = AWSProdMortgageBrokers|Any CPU
		{9D034D24-D090-4FFD-9F50-7FF073568343}.AWSProdMortgageBrokers|Any CPU.Build.0 = AWSProdMortgageBrokers|Any CPU
		{9D034D24-D090-4FFD-9F50-7FF073568343}.AWSTestProdApplication|Any CPU.ActiveCfg = AWSTestProdApplication|Any CPU
		{9D034D24-D090-4FFD-9F50-7FF073568343}.AWSTestProdApplication|Any CPU.Build.0 = AWSTestProdApplication|Any CPU
		{9D034D24-D090-4FFD-9F50-7FF073568343}.AWSTestProdEcohome|Any CPU.ActiveCfg = AWSTestProdEcohome|Any CPU
		{9D034D24-D090-4FFD-9F50-7FF073568343}.AWSTestProdEcohome|Any CPU.Build.0 = AWSTestProdEcohome|Any CPU
		{9D034D24-D090-4FFD-9F50-7FF073568343}.AWSTestProdMortgageBrokers|Any CPU.ActiveCfg = AWSTestProdMortgageBrokers|Any CPU
		{9D034D24-D090-4FFD-9F50-7FF073568343}.AWSTestProdMortgageBrokers|Any CPU.Build.0 = AWSTestProdMortgageBrokers|Any CPU
		{9D034D24-D090-4FFD-9F50-7FF073568343}.Debug|Any CPU.ActiveCfg = Debug|Any CPU
		{9D034D24-D090-4FFD-9F50-7FF073568343}.Debug|Any CPU.Build.0 = Debug|Any CPU
		{9D034D24-D090-4FFD-9F50-7FF073568343}.ProductionApplication|Any CPU.ActiveCfg = ProductionApplication|Any CPU
		{9D034D24-D090-4FFD-9F50-7FF073568343}.ProductionApplication|Any CPU.Build.0 = ProductionApplication|Any CPU
		{9D034D24-D090-4FFD-9F50-7FF073568343}.ProductionEcohome|Any CPU.ActiveCfg = ProductionEcohome|Any CPU
		{9D034D24-D090-4FFD-9F50-7FF073568343}.ProductionEcohome|Any CPU.Build.0 = ProductionEcohome|Any CPU
		{9D034D24-D090-4FFD-9F50-7FF073568343}.ProductionMortgageBrokers|Any CPU.ActiveCfg = ProductionMortgageBrokers|Any CPU
		{9D034D24-D090-4FFD-9F50-7FF073568343}.ProductionMortgageBrokers|Any CPU.Build.0 = ProductionMortgageBrokers|Any CPU
		{9D034D24-D090-4FFD-9F50-7FF073568343}.ProductionRealtor|Any CPU.ActiveCfg = ProductionRealtor|Any CPU
		{9D034D24-D090-4FFD-9F50-7FF073568343}.ProductionRealtor|Any CPU.Build.0 = ProductionRealtor|Any CPU
		{9D034D24-D090-4FFD-9F50-7FF073568343}.Release|Any CPU.ActiveCfg = Release|Any CPU
		{9D034D24-D090-4FFD-9F50-7FF073568343}.Release|Any CPU.Build.0 = Release|Any CPU
		{9D034D24-D090-4FFD-9F50-7FF073568343}.Staging|Any CPU.ActiveCfg = Staging|Any CPU
		{9D034D24-D090-4FFD-9F50-7FF073568343}.Staging|Any CPU.Build.0 = Staging|Any CPU
		{9D034D24-D090-4FFD-9F50-7FF073568343}.Training|Any CPU.ActiveCfg = Training|Any CPU
		{9D034D24-D090-4FFD-9F50-7FF073568343}.Training|Any CPU.Build.0 = Training|Any CPU
		{9D034D24-D090-4FFD-9F50-7FF073568343}.TrainingClarity|Any CPU.ActiveCfg = TrainingClarity|Any CPU
		{9D034D24-D090-4FFD-9F50-7FF073568343}.TrainingClarity|Any CPU.Build.0 = TrainingClarity|Any CPU
		{9D034D24-D090-4FFD-9F50-7FF073568343}.UnitTesting|Any CPU.ActiveCfg = UnitTesting|Any CPU
		{9D034D24-D090-4FFD-9F50-7FF073568343}.UnitTesting|Any CPU.Build.0 = UnitTesting|Any CPU
		{7B096FBB-C366-4560-8C78-38D3FB2DBDF4}.AWSProdApplication|Any CPU.ActiveCfg = AWSProdApplication|Any CPU
		{7B096FBB-C366-4560-8C78-38D3FB2DBDF4}.AWSProdApplication|Any CPU.Build.0 = AWSProdApplication|Any CPU
		{7B096FBB-C366-4560-8C78-38D3FB2DBDF4}.AWSProdEcohome|Any CPU.ActiveCfg = AWSProdEcohome|Any CPU
		{7B096FBB-C366-4560-8C78-38D3FB2DBDF4}.AWSProdEcohome|Any CPU.Build.0 = AWSProdEcohome|Any CPU
		{7B096FBB-C366-4560-8C78-38D3FB2DBDF4}.AWSProdMortgageBrokers|Any CPU.ActiveCfg = AWSProdMortgageBrokers|Any CPU
		{7B096FBB-C366-4560-8C78-38D3FB2DBDF4}.AWSProdMortgageBrokers|Any CPU.Build.0 = AWSProdMortgageBrokers|Any CPU
		{7B096FBB-C366-4560-8C78-38D3FB2DBDF4}.AWSTestProdApplication|Any CPU.ActiveCfg = AWSTestProdApplication|Any CPU
		{7B096FBB-C366-4560-8C78-38D3FB2DBDF4}.AWSTestProdApplication|Any CPU.Build.0 = AWSTestProdApplication|Any CPU
		{7B096FBB-C366-4560-8C78-38D3FB2DBDF4}.AWSTestProdEcohome|Any CPU.ActiveCfg = AWSTestProdEcohome|Any CPU
		{7B096FBB-C366-4560-8C78-38D3FB2DBDF4}.AWSTestProdEcohome|Any CPU.Build.0 = AWSTestProdEcohome|Any CPU
		{7B096FBB-C366-4560-8C78-38D3FB2DBDF4}.AWSTestProdMortgageBrokers|Any CPU.ActiveCfg = AWSTestProdMortgageBrokers|Any CPU
		{7B096FBB-C366-4560-8C78-38D3FB2DBDF4}.AWSTestProdMortgageBrokers|Any CPU.Build.0 = AWSTestProdMortgageBrokers|Any CPU
		{7B096FBB-C366-4560-8C78-38D3FB2DBDF4}.Debug|Any CPU.ActiveCfg = Debug|Any CPU
		{7B096FBB-C366-4560-8C78-38D3FB2DBDF4}.Debug|Any CPU.Build.0 = Debug|Any CPU
		{7B096FBB-C366-4560-8C78-38D3FB2DBDF4}.ProductionApplication|Any CPU.ActiveCfg = ProductionApplication|Any CPU
		{7B096FBB-C366-4560-8C78-38D3FB2DBDF4}.ProductionApplication|Any CPU.Build.0 = ProductionApplication|Any CPU
		{7B096FBB-C366-4560-8C78-38D3FB2DBDF4}.ProductionEcohome|Any CPU.ActiveCfg = ProductionEcohome|Any CPU
		{7B096FBB-C366-4560-8C78-38D3FB2DBDF4}.ProductionEcohome|Any CPU.Build.0 = ProductionEcohome|Any CPU
		{7B096FBB-C366-4560-8C78-38D3FB2DBDF4}.ProductionMortgageBrokers|Any CPU.ActiveCfg = ProductionMortgageBrokers|Any CPU
		{7B096FBB-C366-4560-8C78-38D3FB2DBDF4}.ProductionMortgageBrokers|Any CPU.Build.0 = ProductionMortgageBrokers|Any CPU
		{7B096FBB-C366-4560-8C78-38D3FB2DBDF4}.ProductionRealtor|Any CPU.ActiveCfg = ProductionRealtor|Any CPU
		{7B096FBB-C366-4560-8C78-38D3FB2DBDF4}.ProductionRealtor|Any CPU.Build.0 = ProductionRealtor|Any CPU
		{7B096FBB-C366-4560-8C78-38D3FB2DBDF4}.Release|Any CPU.ActiveCfg = Release|Any CPU
		{7B096FBB-C366-4560-8C78-38D3FB2DBDF4}.Release|Any CPU.Build.0 = Release|Any CPU
		{7B096FBB-C366-4560-8C78-38D3FB2DBDF4}.Staging|Any CPU.ActiveCfg = Staging|Any CPU
		{7B096FBB-C366-4560-8C78-38D3FB2DBDF4}.Staging|Any CPU.Build.0 = Staging|Any CPU
		{7B096FBB-C366-4560-8C78-38D3FB2DBDF4}.Training|Any CPU.ActiveCfg = Training|Any CPU
		{7B096FBB-C366-4560-8C78-38D3FB2DBDF4}.Training|Any CPU.Build.0 = Training|Any CPU
		{7B096FBB-C366-4560-8C78-38D3FB2DBDF4}.TrainingClarity|Any CPU.ActiveCfg = TrainingClarity|Any CPU
		{7B096FBB-C366-4560-8C78-38D3FB2DBDF4}.TrainingClarity|Any CPU.Build.0 = TrainingClarity|Any CPU
		{7B096FBB-C366-4560-8C78-38D3FB2DBDF4}.UnitTesting|Any CPU.ActiveCfg = UnitTesting|Any CPU
		{7B096FBB-C366-4560-8C78-38D3FB2DBDF4}.UnitTesting|Any CPU.Build.0 = UnitTesting|Any CPU
		{765F5301-2074-47B2-90CA-BEF60C9A7982}.AWSProdApplication|Any CPU.ActiveCfg = AWSProdApplication|Any CPU
		{765F5301-2074-47B2-90CA-BEF60C9A7982}.AWSProdApplication|Any CPU.Build.0 = AWSProdApplication|Any CPU
		{765F5301-2074-47B2-90CA-BEF60C9A7982}.AWSProdEcohome|Any CPU.ActiveCfg = AWSProdEcohome|Any CPU
		{765F5301-2074-47B2-90CA-BEF60C9A7982}.AWSProdEcohome|Any CPU.Build.0 = AWSProdEcohome|Any CPU
		{765F5301-2074-47B2-90CA-BEF60C9A7982}.AWSProdMortgageBrokers|Any CPU.ActiveCfg = AWSProdMortgageBrokers|Any CPU
		{765F5301-2074-47B2-90CA-BEF60C9A7982}.AWSProdMortgageBrokers|Any CPU.Build.0 = AWSProdMortgageBrokers|Any CPU
		{765F5301-2074-47B2-90CA-BEF60C9A7982}.AWSTestProdApplication|Any CPU.ActiveCfg = AWSTestProdApplication|Any CPU
		{765F5301-2074-47B2-90CA-BEF60C9A7982}.AWSTestProdApplication|Any CPU.Build.0 = AWSTestProdApplication|Any CPU
		{765F5301-2074-47B2-90CA-BEF60C9A7982}.AWSTestProdEcohome|Any CPU.ActiveCfg = AWSTestProdEcohome|Any CPU
		{765F5301-2074-47B2-90CA-BEF60C9A7982}.AWSTestProdEcohome|Any CPU.Build.0 = AWSTestProdEcohome|Any CPU
		{765F5301-2074-47B2-90CA-BEF60C9A7982}.AWSTestProdMortgageBrokers|Any CPU.ActiveCfg = AWSTestProdMortgageBrokers|Any CPU
		{765F5301-2074-47B2-90CA-BEF60C9A7982}.AWSTestProdMortgageBrokers|Any CPU.Build.0 = AWSTestProdMortgageBrokers|Any CPU
		{765F5301-2074-47B2-90CA-BEF60C9A7982}.Debug|Any CPU.ActiveCfg = Debug|Any CPU
		{765F5301-2074-47B2-90CA-BEF60C9A7982}.Debug|Any CPU.Build.0 = Debug|Any CPU
		{765F5301-2074-47B2-90CA-BEF60C9A7982}.ProductionApplication|Any CPU.ActiveCfg = ProductionApplication|Any CPU
		{765F5301-2074-47B2-90CA-BEF60C9A7982}.ProductionApplication|Any CPU.Build.0 = ProductionApplication|Any CPU
		{765F5301-2074-47B2-90CA-BEF60C9A7982}.ProductionEcohome|Any CPU.ActiveCfg = ProductionEcohome|Any CPU
		{765F5301-2074-47B2-90CA-BEF60C9A7982}.ProductionEcohome|Any CPU.Build.0 = ProductionEcohome|Any CPU
		{765F5301-2074-47B2-90CA-BEF60C9A7982}.ProductionMortgageBrokers|Any CPU.ActiveCfg = ProductionMortgageBrokers|Any CPU
		{765F5301-2074-47B2-90CA-BEF60C9A7982}.ProductionMortgageBrokers|Any CPU.Build.0 = ProductionMortgageBrokers|Any CPU
		{765F5301-2074-47B2-90CA-BEF60C9A7982}.ProductionRealtor|Any CPU.ActiveCfg = ProductionRealtor|Any CPU
		{765F5301-2074-47B2-90CA-BEF60C9A7982}.ProductionRealtor|Any CPU.Build.0 = ProductionRealtor|Any CPU
		{765F5301-2074-47B2-90CA-BEF60C9A7982}.Release|Any CPU.ActiveCfg = Release|Any CPU
		{765F5301-2074-47B2-90CA-BEF60C9A7982}.Release|Any CPU.Build.0 = Release|Any CPU
		{765F5301-2074-47B2-90CA-BEF60C9A7982}.Staging|Any CPU.ActiveCfg = Staging|Any CPU
		{765F5301-2074-47B2-90CA-BEF60C9A7982}.Staging|Any CPU.Build.0 = Staging|Any CPU
		{765F5301-2074-47B2-90CA-BEF60C9A7982}.Training|Any CPU.ActiveCfg = Training|Any CPU
		{765F5301-2074-47B2-90CA-BEF60C9A7982}.Training|Any CPU.Build.0 = Training|Any CPU
		{765F5301-2074-47B2-90CA-BEF60C9A7982}.TrainingClarity|Any CPU.ActiveCfg = TrainingClarity|Any CPU
		{765F5301-2074-47B2-90CA-BEF60C9A7982}.TrainingClarity|Any CPU.Build.0 = TrainingClarity|Any CPU
		{765F5301-2074-47B2-90CA-BEF60C9A7982}.UnitTesting|Any CPU.ActiveCfg = UnitTesting|Any CPU
		{765F5301-2074-47B2-90CA-BEF60C9A7982}.UnitTesting|Any CPU.Build.0 = UnitTesting|Any CPU
		{FFFF5E83-BEFA-4703-994E-E94F42D0FCA9}.AWSProdApplication|Any CPU.ActiveCfg = AWSProdApplication|Any CPU
		{FFFF5E83-BEFA-4703-994E-E94F42D0FCA9}.AWSProdApplication|Any CPU.Build.0 = AWSProdApplication|Any CPU
		{FFFF5E83-BEFA-4703-994E-E94F42D0FCA9}.AWSProdEcohome|Any CPU.ActiveCfg = AWSProdEcohome|Any CPU
		{FFFF5E83-BEFA-4703-994E-E94F42D0FCA9}.AWSProdEcohome|Any CPU.Build.0 = AWSProdEcohome|Any CPU
		{FFFF5E83-BEFA-4703-994E-E94F42D0FCA9}.AWSProdMortgageBrokers|Any CPU.ActiveCfg = AWSProdMortgageBrokers|Any CPU
		{FFFF5E83-BEFA-4703-994E-E94F42D0FCA9}.AWSProdMortgageBrokers|Any CPU.Build.0 = AWSProdMortgageBrokers|Any CPU
		{FFFF5E83-BEFA-4703-994E-E94F42D0FCA9}.AWSTestProdApplication|Any CPU.ActiveCfg = AWSTestProdApplication|Any CPU
		{FFFF5E83-BEFA-4703-994E-E94F42D0FCA9}.AWSTestProdApplication|Any CPU.Build.0 = AWSTestProdApplication|Any CPU
		{FFFF5E83-BEFA-4703-994E-E94F42D0FCA9}.AWSTestProdEcohome|Any CPU.ActiveCfg = AWSTestProdEcohome|Any CPU
		{FFFF5E83-BEFA-4703-994E-E94F42D0FCA9}.AWSTestProdEcohome|Any CPU.Build.0 = AWSTestProdEcohome|Any CPU
		{FFFF5E83-BEFA-4703-994E-E94F42D0FCA9}.AWSTestProdMortgageBrokers|Any CPU.ActiveCfg = AWSTestProdMortgageBrokers|Any CPU
		{FFFF5E83-BEFA-4703-994E-E94F42D0FCA9}.AWSTestProdMortgageBrokers|Any CPU.Build.0 = AWSTestProdMortgageBrokers|Any CPU
		{FFFF5E83-BEFA-4703-994E-E94F42D0FCA9}.Debug|Any CPU.ActiveCfg = Debug|Any CPU
		{FFFF5E83-BEFA-4703-994E-E94F42D0FCA9}.Debug|Any CPU.Build.0 = Debug|Any CPU
		{FFFF5E83-BEFA-4703-994E-E94F42D0FCA9}.ProductionApplication|Any CPU.ActiveCfg = ProductionApplication|Any CPU
		{FFFF5E83-BEFA-4703-994E-E94F42D0FCA9}.ProductionApplication|Any CPU.Build.0 = ProductionApplication|Any CPU
		{FFFF5E83-BEFA-4703-994E-E94F42D0FCA9}.ProductionEcohome|Any CPU.ActiveCfg = ProductionEcohome|Any CPU
		{FFFF5E83-BEFA-4703-994E-E94F42D0FCA9}.ProductionEcohome|Any CPU.Build.0 = ProductionEcohome|Any CPU
		{FFFF5E83-BEFA-4703-994E-E94F42D0FCA9}.ProductionMortgageBrokers|Any CPU.ActiveCfg = ProductionMortgageBrokers|Any CPU
		{FFFF5E83-BEFA-4703-994E-E94F42D0FCA9}.ProductionMortgageBrokers|Any CPU.Build.0 = ProductionMortgageBrokers|Any CPU
		{FFFF5E83-BEFA-4703-994E-E94F42D0FCA9}.ProductionRealtor|Any CPU.ActiveCfg = ProductionRealtor|Any CPU
		{FFFF5E83-BEFA-4703-994E-E94F42D0FCA9}.ProductionRealtor|Any CPU.Build.0 = ProductionRealtor|Any CPU
		{FFFF5E83-BEFA-4703-994E-E94F42D0FCA9}.Release|Any CPU.ActiveCfg = Release|Any CPU
		{FFFF5E83-BEFA-4703-994E-E94F42D0FCA9}.Release|Any CPU.Build.0 = Release|Any CPU
		{FFFF5E83-BEFA-4703-994E-E94F42D0FCA9}.Staging|Any CPU.ActiveCfg = Staging|Any CPU
		{FFFF5E83-BEFA-4703-994E-E94F42D0FCA9}.Staging|Any CPU.Build.0 = Staging|Any CPU
		{FFFF5E83-BEFA-4703-994E-E94F42D0FCA9}.Training|Any CPU.ActiveCfg = Training|Any CPU
		{FFFF5E83-BEFA-4703-994E-E94F42D0FCA9}.Training|Any CPU.Build.0 = Training|Any CPU
		{FFFF5E83-BEFA-4703-994E-E94F42D0FCA9}.TrainingClarity|Any CPU.ActiveCfg = TrainingClarity|Any CPU
		{FFFF5E83-BEFA-4703-994E-E94F42D0FCA9}.TrainingClarity|Any CPU.Build.0 = TrainingClarity|Any CPU
		{FFFF5E83-BEFA-4703-994E-E94F42D0FCA9}.UnitTesting|Any CPU.ActiveCfg = UnitTesting|Any CPU
		{FFFF5E83-BEFA-4703-994E-E94F42D0FCA9}.UnitTesting|Any CPU.Build.0 = UnitTesting|Any CPU
		{E996DF6C-67CD-4178-A6AD-3DF9C1583677}.AWSProdApplication|Any CPU.ActiveCfg = AWSProdApplication|Any CPU
		{E996DF6C-67CD-4178-A6AD-3DF9C1583677}.AWSProdApplication|Any CPU.Build.0 = AWSProdApplication|Any CPU
		{E996DF6C-67CD-4178-A6AD-3DF9C1583677}.AWSProdEcohome|Any CPU.ActiveCfg = AWSProdEcohome|Any CPU
		{E996DF6C-67CD-4178-A6AD-3DF9C1583677}.AWSProdEcohome|Any CPU.Build.0 = AWSProdEcohome|Any CPU
		{E996DF6C-67CD-4178-A6AD-3DF9C1583677}.AWSProdMortgageBrokers|Any CPU.ActiveCfg = AWSProdMortgageBrokers|Any CPU
		{E996DF6C-67CD-4178-A6AD-3DF9C1583677}.AWSProdMortgageBrokers|Any CPU.Build.0 = AWSProdMortgageBrokers|Any CPU
		{E996DF6C-67CD-4178-A6AD-3DF9C1583677}.AWSTestProdApplication|Any CPU.ActiveCfg = AWSTestProdApplication|Any CPU
		{E996DF6C-67CD-4178-A6AD-3DF9C1583677}.AWSTestProdApplication|Any CPU.Build.0 = AWSTestProdApplication|Any CPU
		{E996DF6C-67CD-4178-A6AD-3DF9C1583677}.AWSTestProdEcohome|Any CPU.ActiveCfg = AWSTestProdEcohome|Any CPU
		{E996DF6C-67CD-4178-A6AD-3DF9C1583677}.AWSTestProdEcohome|Any CPU.Build.0 = AWSTestProdEcohome|Any CPU
		{E996DF6C-67CD-4178-A6AD-3DF9C1583677}.AWSTestProdMortgageBrokers|Any CPU.ActiveCfg = AWSTestProdMortgageBrokers|Any CPU
		{E996DF6C-67CD-4178-A6AD-3DF9C1583677}.AWSTestProdMortgageBrokers|Any CPU.Build.0 = AWSTestProdMortgageBrokers|Any CPU
		{E996DF6C-67CD-4178-A6AD-3DF9C1583677}.Debug|Any CPU.ActiveCfg = Debug|Any CPU
		{E996DF6C-67CD-4178-A6AD-3DF9C1583677}.Debug|Any CPU.Build.0 = Debug|Any CPU
		{E996DF6C-67CD-4178-A6AD-3DF9C1583677}.ProductionApplication|Any CPU.ActiveCfg = ProductionApplication|Any CPU
		{E996DF6C-67CD-4178-A6AD-3DF9C1583677}.ProductionApplication|Any CPU.Build.0 = ProductionApplication|Any CPU
		{E996DF6C-67CD-4178-A6AD-3DF9C1583677}.ProductionEcohome|Any CPU.ActiveCfg = ProductionEcohome|Any CPU
		{E996DF6C-67CD-4178-A6AD-3DF9C1583677}.ProductionEcohome|Any CPU.Build.0 = ProductionEcohome|Any CPU
		{E996DF6C-67CD-4178-A6AD-3DF9C1583677}.ProductionMortgageBrokers|Any CPU.ActiveCfg = ProductionMortgageBrokers|Any CPU
		{E996DF6C-67CD-4178-A6AD-3DF9C1583677}.ProductionMortgageBrokers|Any CPU.Build.0 = ProductionMortgageBrokers|Any CPU
		{E996DF6C-67CD-4178-A6AD-3DF9C1583677}.ProductionRealtor|Any CPU.ActiveCfg = ProductionRealtor|Any CPU
		{E996DF6C-67CD-4178-A6AD-3DF9C1583677}.ProductionRealtor|Any CPU.Build.0 = ProductionRealtor|Any CPU
		{E996DF6C-67CD-4178-A6AD-3DF9C1583677}.Release|Any CPU.ActiveCfg = Release|Any CPU
		{E996DF6C-67CD-4178-A6AD-3DF9C1583677}.Release|Any CPU.Build.0 = Release|Any CPU
		{E996DF6C-67CD-4178-A6AD-3DF9C1583677}.Staging|Any CPU.ActiveCfg = Staging|Any CPU
		{E996DF6C-67CD-4178-A6AD-3DF9C1583677}.Staging|Any CPU.Build.0 = Staging|Any CPU
		{E996DF6C-67CD-4178-A6AD-3DF9C1583677}.Training|Any CPU.ActiveCfg = Training|Any CPU
		{E996DF6C-67CD-4178-A6AD-3DF9C1583677}.Training|Any CPU.Build.0 = Training|Any CPU
		{E996DF6C-67CD-4178-A6AD-3DF9C1583677}.TrainingClarity|Any CPU.ActiveCfg = TrainingClarity|Any CPU
		{E996DF6C-67CD-4178-A6AD-3DF9C1583677}.TrainingClarity|Any CPU.Build.0 = TrainingClarity|Any CPU
		{E996DF6C-67CD-4178-A6AD-3DF9C1583677}.UnitTesting|Any CPU.ActiveCfg = UnitTesting|Any CPU
		{E996DF6C-67CD-4178-A6AD-3DF9C1583677}.UnitTesting|Any CPU.Build.0 = UnitTesting|Any CPU
	EndGlobalSection
	GlobalSection(SolutionProperties) = preSolution
		HideSolutionNode = FALSE
	EndGlobalSection
	GlobalSection(NestedProjects) = preSolution
		{E1259980-92D8-496B-A434-9A8E093A5BAE} = {6ECA6353-C4E4-4F57-8DD9-C47E8E2A1313}
		{765F5301-2074-47B2-90CA-BEF60C9A7982} = {6ECA6353-C4E4-4F57-8DD9-C47E8E2A1313}
	EndGlobalSection
	GlobalSection(ExtensibilityGlobals) = postSolution
		SolutionGuid = {2DB5D3F5-E03D-4730-A306-A2F0B14FF275}
	EndGlobalSection
EndGlobal
