
Microsoft Visual Studio Solution File, Format Version 12.00
# Visual Studio 14
VisualStudioVersion = 14.0.25420.1
MinimumVisualStudioVersion = 10.0.40219.1
Project("{FAE04EC0-301F-11D3-BF4B-00C04F79EFBC}") = "DealnetPortal.Api", "DealnetPortal.Api\DealnetPortal.Api.csproj", "{B71FAE74-16C0-4380-B747-7EAD31D64062}"
EndProject
Project("{FAE04EC0-301F-11D3-BF4B-00C04F79EFBC}") = "DealnetPortal.Api.Tests", "DealnetPortal.Api.Tests\DealnetPortal.Api.Tests.csproj", "{67CFB61A-31AD-45A6-A270-1211918F6C14}"
EndProject
Project("{FAE04EC0-301F-11D3-BF4B-00C04F79EFBC}") = "DealnetPortal.Api.Models", "DealnetPortal.Api.Models\DealnetPortal.Api.Models.csproj", "{68167614-D9F6-48BC-AF28-1519BA5C67FD}"
EndProject
Global
	GlobalSection(SolutionConfigurationPlatforms) = preSolution
		Debug|Any CPU = Debug|Any CPU
		Release|Any CPU = Release|Any CPU
	EndGlobalSection
	GlobalSection(ProjectConfigurationPlatforms) = postSolution
		{B71FAE74-16C0-4380-B747-7EAD31D64062}.Debug|Any CPU.ActiveCfg = Debug|Any CPU
		{B71FAE74-16C0-4380-B747-7EAD31D64062}.Debug|Any CPU.Build.0 = Debug|Any CPU
		{B71FAE74-16C0-4380-B747-7EAD31D64062}.Release|Any CPU.ActiveCfg = Release|Any CPU
		{B71FAE74-16C0-4380-B747-7EAD31D64062}.Release|Any CPU.Build.0 = Release|Any CPU
		{67CFB61A-31AD-45A6-A270-1211918F6C14}.Debug|Any CPU.ActiveCfg = Debug|Any CPU
		{67CFB61A-31AD-45A6-A270-1211918F6C14}.Debug|Any CPU.Build.0 = Debug|Any CPU
		{67CFB61A-31AD-45A6-A270-1211918F6C14}.Release|Any CPU.ActiveCfg = Release|Any CPU
		{67CFB61A-31AD-45A6-A270-1211918F6C14}.Release|Any CPU.Build.0 = Release|Any CPU
		{68167614-D9F6-48BC-AF28-1519BA5C67FD}.Debug|Any CPU.ActiveCfg = Debug|Any CPU
		{68167614-D9F6-48BC-AF28-1519BA5C67FD}.Debug|Any CPU.Build.0 = Debug|Any CPU
		{68167614-D9F6-48BC-AF28-1519BA5C67FD}.Release|Any CPU.ActiveCfg = Release|Any CPU
		{68167614-D9F6-48BC-AF28-1519BA5C67FD}.Release|Any CPU.Build.0 = Release|Any CPU
	EndGlobalSection
	GlobalSection(SolutionProperties) = preSolution
		HideSolutionNode = FALSE
	EndGlobalSection
EndGlobal
